
Microsoft Visual Studio Solution File, Format Version 12.00
# Visual Studio 15
VisualStudioVersion = 15.0.27703.2018
MinimumVisualStudioVersion = 10.0.40219.1
Project("{888888A0-9F3D-457C-B088-3A5042F75D52}") = "NBA_Database", "NBA_Database\NBA_Database.pyproj", "{892A959F-053C-400C-B1C6-C42F5C208354}"
EndProject
Global
	GlobalSection(SolutionConfigurationPlatforms) = preSolution
		Debug|Any CPU = Debug|Any CPU
		Release|Any CPU = Release|Any CPU
	EndGlobalSection
	GlobalSection(ProjectConfigurationPlatforms) = postSolution
		{892A959F-053C-400C-B1C6-C42F5C208354}.Debug|Any CPU.ActiveCfg = Debug|Any CPU
		{892A959F-053C-400C-B1C6-C42F5C208354}.Release|Any CPU.ActiveCfg = Release|Any CPU
	EndGlobalSection
	GlobalSection(SolutionProperties) = preSolution
		HideSolutionNode = FALSE
	EndGlobalSection
	GlobalSection(ExtensibilityGlobals) = postSolution
		SolutionGuid = {FF20F22C-9504-46EA-9A0D-93E13CCC5A5D}
	EndGlobalSection
EndGlobal
